
Microsoft Visual Studio Solution File, Format Version 12.00
# Visual Studio Version 17
VisualStudioVersion = 17.14.36310.24 d17.14
MinimumVisualStudioVersion = 10.0.40219.1
Project("{FAE04EC0-301F-11D3-BF4B-00C04F79EFBC}") = "CRUDDemo", "CRUDDemo.csproj", "{26581676-F470-4437-AFC5-1546299A60C4}"
EndProject
Global
	GlobalSection(SolutionConfigurationPlatforms) = preSolution
		Debug|Any CPU = Debug|Any CPU
		Release|Any CPU = Release|Any CPU
	EndGlobalSection
	GlobalSection(ProjectConfigurationPlatforms) = postSolution
		{26581676-F470-4437-AFC5-1546299A60C4}.Debug|Any CPU.ActiveCfg = Debug|Any CPU
		{26581676-F470-4437-AFC5-1546299A60C4}.Debug|Any CPU.Build.0 = Debug|Any CPU
		{26581676-F470-4437-AFC5-1546299A60C4}.Release|Any CPU.ActiveCfg = Release|Any CPU
		{26581676-F470-4437-AFC5-1546299A60C4}.Release|Any CPU.Build.0 = Release|Any CPU
	EndGlobalSection
	GlobalSection(SolutionProperties) = preSolution
		HideSolutionNode = FALSE
	EndGlobalSection
	GlobalSection(ExtensibilityGlobals) = postSolution
		SolutionGuid = {7DC06F0E-DF41-451F-A658-CA746D4A0D68}
	EndGlobalSection
EndGlobal
